
Microsoft Visual Studio Solution File, Format Version 12.00
# Visual Studio Version 16
VisualStudioVersion = 16.0.29806.167
MinimumVisualStudioVersion = 10.0.40219.1
Project("{FAE04EC0-301F-11D3-BF4B-00C04F79EFBC}") = "TestApolloProject", "TestApolloProject\TestApolloProject.csproj", "{123A108A-C242-48AC-BE41-C7CDD3F8144F}"
EndProject
Global
	GlobalSection(SolutionConfigurationPlatforms) = preSolution
		Debug|Any CPU = Debug|Any CPU
		Release|Any CPU = Release|Any CPU
	EndGlobalSection
	GlobalSection(ProjectConfigurationPlatforms) = postSolution
		{123A108A-C242-48AC-BE41-C7CDD3F8144F}.Debug|Any CPU.ActiveCfg = Debug|Any CPU
		{123A108A-C242-48AC-BE41-C7CDD3F8144F}.Debug|Any CPU.Build.0 = Debug|Any CPU
		{123A108A-C242-48AC-BE41-C7CDD3F8144F}.Release|Any CPU.ActiveCfg = Release|Any CPU
		{123A108A-C242-48AC-BE41-C7CDD3F8144F}.Release|Any CPU.Build.0 = Release|Any CPU
	EndGlobalSection
	GlobalSection(SolutionProperties) = preSolution
		HideSolutionNode = FALSE
	EndGlobalSection
	GlobalSection(ExtensibilityGlobals) = postSolution
		SolutionGuid = {C8BBBC05-415D-4078-869A-60F6D1AA0C93}
	EndGlobalSection
EndGlobal
